
Microsoft Visual Studio Solution File, Format Version 12.00
# Visual Studio Version 17
VisualStudioVersion = 17.14.36414.22 d17.14
MinimumVisualStudioVersion = 10.0.40219.1
Project("{FAE04EC0-301F-11D3-BF4B-00C04F79EFBC}") = "DigitalNotesManager", "DigitalNotesManager\DigitalNotesManager.csproj", "{CA909C23-C338-48C7-A63C-D73975A6CE4F}"
EndProject
Global
	GlobalSection(SolutionConfigurationPlatforms) = preSolution
		Debug|Any CPU = Debug|Any CPU
		Release|Any CPU = Release|Any CPU
	EndGlobalSection
	GlobalSection(ProjectConfigurationPlatforms) = postSolution
		{CA909C23-C338-48C7-A63C-D73975A6CE4F}.Debug|Any CPU.ActiveCfg = Debug|Any CPU
		{CA909C23-C338-48C7-A63C-D73975A6CE4F}.Debug|Any CPU.Build.0 = Debug|Any CPU
		{CA909C23-C338-48C7-A63C-D73975A6CE4F}.Release|Any CPU.ActiveCfg = Release|Any CPU
		{CA909C23-C338-48C7-A63C-D73975A6CE4F}.Release|Any CPU.Build.0 = Release|Any CPU
	EndGlobalSection
	GlobalSection(SolutionProperties) = preSolution
		HideSolutionNode = FALSE
	EndGlobalSection
	GlobalSection(ExtensibilityGlobals) = postSolution
		SolutionGuid = {E8F57778-546D-4FED-99F0-5B190B0E09B2}
	EndGlobalSection
EndGlobal
